
Microsoft Visual Studio Solution File, Format Version 12.00
# Visual Studio 2013
VisualStudioVersion = 12.0.30501.0
MinimumVisualStudioVersion = 10.0.40219.1
Project("{FAE04EC0-301F-11D3-BF4B-00C04F79EFBC}") = "CakeTryout", "CakeTryout\CakeTryout.csproj", "{25B56FAF-9728-4B42-A670-09EA4CDCDDB8}"
EndProject
Project("{FAE04EC0-301F-11D3-BF4B-00C04F79EFBC}") = "CakeTryout.Tests", "CakeTryout.Tests\CakeTryout.Tests.csproj", "{1EB6347D-76E3-485E-9214-6777E65EC067}"
EndProject
Global
	GlobalSection(SolutionConfigurationPlatforms) = preSolution
		Debug|Any CPU = Debug|Any CPU
		Release|Any CPU = Release|Any CPU
	EndGlobalSection
	GlobalSection(ProjectConfigurationPlatforms) = postSolution
		{25B56FAF-9728-4B42-A670-09EA4CDCDDB8}.Debug|Any CPU.ActiveCfg = Debug|Any CPU
		{25B56FAF-9728-4B42-A670-09EA4CDCDDB8}.Debug|Any CPU.Build.0 = Debug|Any CPU
		{25B56FAF-9728-4B42-A670-09EA4CDCDDB8}.Release|Any CPU.ActiveCfg = Release|Any CPU
		{25B56FAF-9728-4B42-A670-09EA4CDCDDB8}.Release|Any CPU.Build.0 = Release|Any CPU
		{1EB6347D-76E3-485E-9214-6777E65EC067}.Debug|Any CPU.ActiveCfg = Debug|Any CPU
		{1EB6347D-76E3-485E-9214-6777E65EC067}.Debug|Any CPU.Build.0 = Debug|Any CPU
		{1EB6347D-76E3-485E-9214-6777E65EC067}.Release|Any CPU.ActiveCfg = Release|Any CPU
		{1EB6347D-76E3-485E-9214-6777E65EC067}.Release|Any CPU.Build.0 = Release|Any CPU
	EndGlobalSection
	GlobalSection(SolutionProperties) = preSolution
		HideSolutionNode = FALSE
	EndGlobalSection
EndGlobal
